// !$*UTF8*$!
{
	archiveVersion = 1;
	classes = {
	};
	objectVersion = 51;
	objects = {

/* Begin PBXBuildFile section */
		04D8412B26675A58004E3957 /* Utility.framework in Frameworks */ = {isa = PBXBuildFile; fileRef = 04D8412A26675A58004E3957 /* Utility.framework */; };
		04D8412C26675A58004E3957 /* Utility.framework in Embed Frameworks */ = {isa = PBXBuildFile; fileRef = 04D8412A26675A58004E3957 /* Utility.framework */; settings = {ATTRIBUTES = (CodeSignOnCopy, RemoveHeadersOnCopy, ); }; };
		04D8412F26675A62004E3957 /* Core.framework in Frameworks */ = {isa = PBXBuildFile; fileRef = 04D8412E26675A62004E3957 /* Core.framework */; };
		04D8413026675A62004E3957 /* Core.framework in Embed Frameworks */ = {isa = PBXBuildFile; fileRef = 04D8412E26675A62004E3957 /* Core.framework */; settings = {ATTRIBUTES = (CodeSignOnCopy, RemoveHeadersOnCopy, ); }; };
		04D8413226675A69004E3957 /* UIComponent.framework in Frameworks */ = {isa = PBXBuildFile; fileRef = 04D8413126675A69004E3957 /* UIComponent.framework */; };
		04D8413326675A69004E3957 /* UIComponent.framework in Embed Frameworks */ = {isa = PBXBuildFile; fileRef = 04D8413126675A69004E3957 /* UIComponent.framework */; settings = {ATTRIBUTES = (CodeSignOnCopy, RemoveHeadersOnCopy, ); }; };
		04D8413526675A78004E3957 /* Networking.framework in Frameworks */ = {isa = PBXBuildFile; fileRef = 04D8413426675A78004E3957 /* Networking.framework */; };
		04D8413626675A78004E3957 /* Networking.framework in Embed Frameworks */ = {isa = PBXBuildFile; fileRef = 04D8413426675A78004E3957 /* Networking.framework */; settings = {ATTRIBUTES = (CodeSignOnCopy, RemoveHeadersOnCopy, ); }; };
		04D841C1266762EC004E3957 /* AppCoordinator.swift in Sources */ = {isa = PBXBuildFile; fileRef = 04D841C0266762EC004E3957 /* AppCoordinator.swift */; };
		04D841C6266763A1004E3957 /* SplashViewController.swift in Sources */ = {isa = PBXBuildFile; fileRef = 04D841C4266763A0004E3957 /* SplashViewController.swift */; };
		04D841C7266763A1004E3957 /* SplashViewController.xib in Resources */ = {isa = PBXBuildFile; fileRef = 04D841C5266763A1004E3957 /* SplashViewController.xib */; };
		04D841D12667652F004E3957 /* SplashViewModel.swift in Sources */ = {isa = PBXBuildFile; fileRef = 04D841D02667652F004E3957 /* SplashViewModel.swift */; };
		04D841D926676CED004E3957 /* HomeCoordinator.swift in Sources */ = {isa = PBXBuildFile; fileRef = 04D841D826676CED004E3957 /* HomeCoordinator.swift */; };
		04D841E026676D94004E3957 /* HomeViewController.swift in Sources */ = {isa = PBXBuildFile; fileRef = 04D841DF26676D94004E3957 /* HomeViewController.swift */; };
		04D841E226676D9E004E3957 /* HomeViewModel.swift in Sources */ = {isa = PBXBuildFile; fileRef = 04D841E126676D9E004E3957 /* HomeViewModel.swift */; };
		04D841E426676DB0004E3957 /* HomeViewController.xib in Resources */ = {isa = PBXBuildFile; fileRef = 04D841E326676DB0004E3957 /* HomeViewController.xib */; };
		04D841E6266771F7004E3957 /* IHomeRepo.swift in Sources */ = {isa = PBXBuildFile; fileRef = 04D841E5266771F7004E3957 /* IHomeRepo.swift */; };
		04D841E826677234004E3957 /* RemoteHomeRepo.swift in Sources */ = {isa = PBXBuildFile; fileRef = 04D841E726677234004E3957 /* RemoteHomeRepo.swift */; };
		04D842062667773B004E3957 /* DIContainer.swift in Sources */ = {isa = PBXBuildFile; fileRef = 04D842052667773B004E3957 /* DIContainer.swift */; };
		04D8420D26677BEB004E3957 /* LocalHomeRepository.swift in Sources */ = {isa = PBXBuildFile; fileRef = 04D8420C26677BEB004E3957 /* LocalHomeRepository.swift */; };
		04D8421826679862004E3957 /* HomeDetailViewController.swift in Sources */ = {isa = PBXBuildFile; fileRef = 04D8421726679862004E3957 /* HomeDetailViewController.swift */; };
		04D8421A26679874004E3957 /* HomeDetailViewController.xib in Resources */ = {isa = PBXBuildFile; fileRef = 04D8421926679874004E3957 /* HomeDetailViewController.xib */; };
		04D8421C266799A1004E3957 /* HomeDetailViewModel.swift in Sources */ = {isa = PBXBuildFile; fileRef = 04D8421B266799A1004E3957 /* HomeDetailViewModel.swift */; };
		04FF001F26671ACC003E8D96 /* AppDelegate.swift in Sources */ = {isa = PBXBuildFile; fileRef = 04FF001E26671ACC003E8D96 /* AppDelegate.swift */; };
		04FF002826671ACD003E8D96 /* Assets.xcassets in Resources */ = {isa = PBXBuildFile; fileRef = 04FF002726671ACD003E8D96 /* Assets.xcassets */; };
		04FF002B26671ACD003E8D96 /* LaunchScreen.storyboard in Resources */ = {isa = PBXBuildFile; fileRef = 04FF002926671ACD003E8D96 /* LaunchScreen.storyboard */; };
		04FF003626671ACD003E8D96 /* AppTests.swift in Sources */ = {isa = PBXBuildFile; fileRef = 04FF003526671ACD003E8D96 /* AppTests.swift */; };
		04FF004126671ACE003E8D96 /* AppUITests.swift in Sources */ = {isa = PBXBuildFile; fileRef = 04FF004026671ACE003E8D96 /* AppUITests.swift */; };
		3763D2152669E76C00901CE5 /* AppAPIService.swift in Sources */ = {isa = PBXBuildFile; fileRef = 3763D2142669E76C00901CE5 /* AppAPIService.swift */; };
		3763D21F2669FB0200901CE5 /* APIConfig.swift in Sources */ = {isa = PBXBuildFile; fileRef = 3763D21E2669FB0200901CE5 /* APIConfig.swift */; };
		3763D2222669FBB300901CE5 /* HomeDataToHome.swift in Sources */ = {isa = PBXBuildFile; fileRef = 3763D2212669FBB300901CE5 /* HomeDataToHome.swift */; };
		3763D2242669FBD500901CE5 /* HomeData.swift in Sources */ = {isa = PBXBuildFile; fileRef = 3763D2232669FBD500901CE5 /* HomeData.swift */; };
		3763D2272669FC1A00901CE5 /* Home.swift in Sources */ = {isa = PBXBuildFile; fileRef = 3763D2262669FC1A00901CE5 /* Home.swift */; };
		3763D2292669FCED00901CE5 /* AppAPIEndpoint.swift in Sources */ = {isa = PBXBuildFile; fileRef = 3763D2282669FCED00901CE5 /* AppAPIEndpoint.swift */; };
		3763D22B266A001200901CE5 /* AppBaseRepo.swift in Sources */ = {isa = PBXBuildFile; fileRef = 3763D22A266A001200901CE5 /* AppBaseRepo.swift */; };
		3763D22D266A009300901CE5 /* AppApiServiceFactory.swift in Sources */ = {isa = PBXBuildFile; fileRef = 3763D22C266A009300901CE5 /* AppApiServiceFactory.swift */; };
		3763D230266A03FA00901CE5 /* HomeApiService.swift in Sources */ = {isa = PBXBuildFile; fileRef = 3763D22F266A03FA00901CE5 /* HomeApiService.swift */; };
		3763D234266A04E000901CE5 /* App.xcdatamodeld in Sources */ = {isa = PBXBuildFile; fileRef = 3763D232266A04E000901CE5 /* App.xcdatamodeld */; };
		37A2A2112668BD5B00701C3F /* Logger.framework in Frameworks */ = {isa = PBXBuildFile; fileRef = 37A2A20E2668BD1400701C3F /* Logger.framework */; };
		37A2A2122668BD5B00701C3F /* Logger.framework in Embed Frameworks */ = {isa = PBXBuildFile; fileRef = 37A2A20E2668BD1400701C3F /* Logger.framework */; settings = {ATTRIBUTES = (CodeSignOnCopy, RemoveHeadersOnCopy, ); }; };
		37AE6120266DC73600A1EE19 /* AppDelegate+APNs.swift in Sources */ = {isa = PBXBuildFile; fileRef = 37AE611F266DC73600A1EE19 /* AppDelegate+APNs.swift */; };
		37AE6123266DC98E00A1EE19 /* DictionUtls.swift in Sources */ = {isa = PBXBuildFile; fileRef = 37AE6122266DC98E00A1EE19 /* DictionUtls.swift */; };
		37AE612F266DDAD500A1EE19 /* GoogleService-Info.plist in Resources */ = {isa = PBXBuildFile; fileRef = 37AE612C266DDAD500A1EE19 /* GoogleService-Info.plist */; };
		8A95E7774FB7DE66FDA7FC66 /* Pods_App.framework in Frameworks */ = {isa = PBXBuildFile; fileRef = 0A1AFEE413045245BF29C9C8 /* Pods_App.framework */; };
/* End PBXBuildFile section */

/* Begin PBXContainerItemProxy section */
		04FF003226671ACD003E8D96 /* PBXContainerItemProxy */ = {
			isa = PBXContainerItemProxy;
			containerPortal = 04FF001326671ACC003E8D96 /* Project object */;
			proxyType = 1;
			remoteGlobalIDString = 04FF001A26671ACC003E8D96;
			remoteInfo = App;
		};
		04FF003D26671ACD003E8D96 /* PBXContainerItemProxy */ = {
			isa = PBXContainerItemProxy;
			containerPortal = 04FF001326671ACC003E8D96 /* Project object */;
			proxyType = 1;
			remoteGlobalIDString = 04FF001A26671ACC003E8D96;
			remoteInfo = App;
		};
		37A2A20D2668BD1400701C3F /* PBXContainerItemProxy */ = {
			isa = PBXContainerItemProxy;
			containerPortal = 37A2A2082668BD1400701C3F /* Logger.xcodeproj */;
			proxyType = 2;
			remoteGlobalIDString = 37A2A1DE2668BC2B00701C3F;
			remoteInfo = Logger;
		};
		37A2A20F2668BD1400701C3F /* PBXContainerItemProxy */ = {
			isa = PBXContainerItemProxy;
			containerPortal = 37A2A2082668BD1400701C3F /* Logger.xcodeproj */;
			proxyType = 2;
			remoteGlobalIDString = 37A2A1E72668BC2B00701C3F;
			remoteInfo = LoggerTests;
		};
/* End PBXContainerItemProxy section */

/* Begin PBXCopyFilesBuildPhase section */
		04D8412D26675A58004E3957 /* Embed Frameworks */ = {
			isa = PBXCopyFilesBuildPhase;
			buildActionMask = 2147483647;
			dstPath = "";
			dstSubfolderSpec = 10;
			files = (
				04D8413626675A78004E3957 /* Networking.framework in Embed Frameworks */,
				04D8412C26675A58004E3957 /* Utility.framework in Embed Frameworks */,
				04D8413326675A69004E3957 /* UIComponent.framework in Embed Frameworks */,
				04D8413026675A62004E3957 /* Core.framework in Embed Frameworks */,
				37A2A2122668BD5B00701C3F /* Logger.framework in Embed Frameworks */,
			);
			name = "Embed Frameworks";
			runOnlyForDeploymentPostprocessing = 0;
		};
/* End PBXCopyFilesBuildPhase section */

/* Begin PBXFileReference section */
		04D8412A26675A58004E3957 /* Utility.framework */ = {isa = PBXFileReference; explicitFileType = wrapper.framework; path = Utility.framework; sourceTree = BUILT_PRODUCTS_DIR; };
		04D8412E26675A62004E3957 /* Core.framework */ = {isa = PBXFileReference; explicitFileType = wrapper.framework; path = Core.framework; sourceTree = BUILT_PRODUCTS_DIR; };
		04D8413126675A69004E3957 /* UIComponent.framework */ = {isa = PBXFileReference; explicitFileType = wrapper.framework; path = UIComponent.framework; sourceTree = BUILT_PRODUCTS_DIR; };
		04D8413426675A78004E3957 /* Networking.framework */ = {isa = PBXFileReference; explicitFileType = wrapper.framework; path = Networking.framework; sourceTree = BUILT_PRODUCTS_DIR; };
		04D841C0266762EC004E3957 /* AppCoordinator.swift */ = {isa = PBXFileReference; lastKnownFileType = sourcecode.swift; path = AppCoordinator.swift; sourceTree = "<group>"; };
		04D841C4266763A0004E3957 /* SplashViewController.swift */ = {isa = PBXFileReference; fileEncoding = 4; lastKnownFileType = sourcecode.swift; path = SplashViewController.swift; sourceTree = "<group>"; };
		04D841C5266763A1004E3957 /* SplashViewController.xib */ = {isa = PBXFileReference; fileEncoding = 4; lastKnownFileType = file.xib; path = SplashViewController.xib; sourceTree = "<group>"; };
		04D841D02667652F004E3957 /* SplashViewModel.swift */ = {isa = PBXFileReference; lastKnownFileType = sourcecode.swift; path = SplashViewModel.swift; sourceTree = "<group>"; };
		04D841D826676CED004E3957 /* HomeCoordinator.swift */ = {isa = PBXFileReference; lastKnownFileType = sourcecode.swift; path = HomeCoordinator.swift; sourceTree = "<group>"; };
		04D841DF26676D94004E3957 /* HomeViewController.swift */ = {isa = PBXFileReference; lastKnownFileType = sourcecode.swift; path = HomeViewController.swift; sourceTree = "<group>"; };
		04D841E126676D9E004E3957 /* HomeViewModel.swift */ = {isa = PBXFileReference; lastKnownFileType = sourcecode.swift; path = HomeViewModel.swift; sourceTree = "<group>"; };
		04D841E326676DB0004E3957 /* HomeViewController.xib */ = {isa = PBXFileReference; lastKnownFileType = file.xib; path = HomeViewController.xib; sourceTree = "<group>"; };
		04D841E5266771F7004E3957 /* IHomeRepo.swift */ = {isa = PBXFileReference; lastKnownFileType = sourcecode.swift; path = IHomeRepo.swift; sourceTree = "<group>"; };
		04D841E726677234004E3957 /* RemoteHomeRepo.swift */ = {isa = PBXFileReference; lastKnownFileType = sourcecode.swift; path = RemoteHomeRepo.swift; sourceTree = "<group>"; };
		04D842052667773B004E3957 /* DIContainer.swift */ = {isa = PBXFileReference; lastKnownFileType = sourcecode.swift; path = DIContainer.swift; sourceTree = "<group>"; };
		04D8420C26677BEB004E3957 /* LocalHomeRepository.swift */ = {isa = PBXFileReference; lastKnownFileType = sourcecode.swift; path = LocalHomeRepository.swift; sourceTree = "<group>"; };
		04D8421726679862004E3957 /* HomeDetailViewController.swift */ = {isa = PBXFileReference; lastKnownFileType = sourcecode.swift; path = HomeDetailViewController.swift; sourceTree = "<group>"; };
		04D8421926679874004E3957 /* HomeDetailViewController.xib */ = {isa = PBXFileReference; lastKnownFileType = file.xib; path = HomeDetailViewController.xib; sourceTree = "<group>"; };
		04D8421B266799A1004E3957 /* HomeDetailViewModel.swift */ = {isa = PBXFileReference; lastKnownFileType = sourcecode.swift; path = HomeDetailViewModel.swift; sourceTree = "<group>"; };
		04FF001B26671ACC003E8D96 /* App.app */ = {isa = PBXFileReference; explicitFileType = wrapper.application; includeInIndex = 0; path = App.app; sourceTree = BUILT_PRODUCTS_DIR; };
		04FF001E26671ACC003E8D96 /* AppDelegate.swift */ = {isa = PBXFileReference; lastKnownFileType = sourcecode.swift; path = AppDelegate.swift; sourceTree = "<group>"; };
		04FF002726671ACD003E8D96 /* Assets.xcassets */ = {isa = PBXFileReference; lastKnownFileType = folder.assetcatalog; path = Assets.xcassets; sourceTree = "<group>"; };
		04FF002A26671ACD003E8D96 /* Base */ = {isa = PBXFileReference; lastKnownFileType = file.storyboard; name = Base; path = Base.lproj/LaunchScreen.storyboard; sourceTree = "<group>"; };
		04FF002C26671ACD003E8D96 /* Info.plist */ = {isa = PBXFileReference; lastKnownFileType = text.plist.xml; path = Info.plist; sourceTree = "<group>"; };
		04FF003126671ACD003E8D96 /* AppTests.xctest */ = {isa = PBXFileReference; explicitFileType = wrapper.cfbundle; includeInIndex = 0; path = AppTests.xctest; sourceTree = BUILT_PRODUCTS_DIR; };
		04FF003526671ACD003E8D96 /* AppTests.swift */ = {isa = PBXFileReference; lastKnownFileType = sourcecode.swift; path = AppTests.swift; sourceTree = "<group>"; };
		04FF003726671ACD003E8D96 /* Info.plist */ = {isa = PBXFileReference; lastKnownFileType = text.plist.xml; path = Info.plist; sourceTree = "<group>"; };
		04FF003C26671ACD003E8D96 /* AppUITests.xctest */ = {isa = PBXFileReference; explicitFileType = wrapper.cfbundle; includeInIndex = 0; path = AppUITests.xctest; sourceTree = BUILT_PRODUCTS_DIR; };
		04FF004026671ACE003E8D96 /* AppUITests.swift */ = {isa = PBXFileReference; lastKnownFileType = sourcecode.swift; path = AppUITests.swift; sourceTree = "<group>"; };
		04FF004226671ACE003E8D96 /* Info.plist */ = {isa = PBXFileReference; lastKnownFileType = text.plist.xml; path = Info.plist; sourceTree = "<group>"; };
		0A1AFEE413045245BF29C9C8 /* Pods_App.framework */ = {isa = PBXFileReference; explicitFileType = wrapper.framework; includeInIndex = 0; path = Pods_App.framework; sourceTree = BUILT_PRODUCTS_DIR; };
		1B117982577FFA3B525E47FB /* Pods-App.debug.xcconfig */ = {isa = PBXFileReference; includeInIndex = 1; lastKnownFileType = text.xcconfig; name = "Pods-App.debug.xcconfig"; path = "Target Support Files/Pods-App/Pods-App.debug.xcconfig"; sourceTree = "<group>"; };
		3763D2142669E76C00901CE5 /* AppAPIService.swift */ = {isa = PBXFileReference; lastKnownFileType = sourcecode.swift; path = AppAPIService.swift; sourceTree = "<group>"; };
		3763D21E2669FB0200901CE5 /* APIConfig.swift */ = {isa = PBXFileReference; lastKnownFileType = sourcecode.swift; path = APIConfig.swift; sourceTree = "<group>"; };
		3763D2212669FBB300901CE5 /* HomeDataToHome.swift */ = {isa = PBXFileReference; lastKnownFileType = sourcecode.swift; path = HomeDataToHome.swift; sourceTree = "<group>"; };
		3763D2232669FBD500901CE5 /* HomeData.swift */ = {isa = PBXFileReference; lastKnownFileType = sourcecode.swift; path = HomeData.swift; sourceTree = "<group>"; };
		3763D2262669FC1A00901CE5 /* Home.swift */ = {isa = PBXFileReference; lastKnownFileType = sourcecode.swift; path = Home.swift; sourceTree = "<group>"; };
		3763D2282669FCED00901CE5 /* AppAPIEndpoint.swift */ = {isa = PBXFileReference; lastKnownFileType = sourcecode.swift; path = AppAPIEndpoint.swift; sourceTree = "<group>"; };
		3763D22A266A001200901CE5 /* AppBaseRepo.swift */ = {isa = PBXFileReference; lastKnownFileType = sourcecode.swift; path = AppBaseRepo.swift; sourceTree = "<group>"; };
		3763D22C266A009300901CE5 /* AppApiServiceFactory.swift */ = {isa = PBXFileReference; lastKnownFileType = sourcecode.swift; path = AppApiServiceFactory.swift; sourceTree = "<group>"; };
		3763D22F266A03FA00901CE5 /* HomeApiService.swift */ = {isa = PBXFileReference; lastKnownFileType = sourcecode.swift; path = HomeApiService.swift; sourceTree = "<group>"; };
		3763D233266A04E000901CE5 /* App.xcdatamodel */ = {isa = PBXFileReference; lastKnownFileType = wrapper.xcdatamodel; path = App.xcdatamodel; sourceTree = "<group>"; };
		37A2A2002668BD1400701C3F /* LoggerTests.swift */ = {isa = PBXFileReference; lastKnownFileType = sourcecode.swift; path = LoggerTests.swift; sourceTree = "<group>"; };
		37A2A2012668BD1400701C3F /* Info.plist */ = {isa = PBXFileReference; lastKnownFileType = text.plist.xml; path = Info.plist; sourceTree = "<group>"; };
		37A2A2032668BD1400701C3F /* Log.swift */ = {isa = PBXFileReference; lastKnownFileType = sourcecode.swift; path = Log.swift; sourceTree = "<group>"; };
		37A2A2042668BD1400701C3F /* FileHandlerOutputStream.swift */ = {isa = PBXFileReference; lastKnownFileType = sourcecode.swift; path = FileHandlerOutputStream.swift; sourceTree = "<group>"; };
		37A2A2052668BD1400701C3F /* LogManager.swift */ = {isa = PBXFileReference; lastKnownFileType = sourcecode.swift; path = LogManager.swift; sourceTree = "<group>"; };
		37A2A2062668BD1400701C3F /* Logger.h */ = {isa = PBXFileReference; lastKnownFileType = sourcecode.c.h; path = Logger.h; sourceTree = "<group>"; };
		37A2A2072668BD1400701C3F /* Info.plist */ = {isa = PBXFileReference; lastKnownFileType = text.plist.xml; path = Info.plist; sourceTree = "<group>"; };
		37A2A2082668BD1400701C3F /* Logger.xcodeproj */ = {isa = PBXFileReference; lastKnownFileType = "wrapper.pb-project"; path = Logger.xcodeproj; sourceTree = "<group>"; };
		37AE611E266DC4EA00A1EE19 /* App.entitlements */ = {isa = PBXFileReference; lastKnownFileType = text.plist.entitlements; path = App.entitlements; sourceTree = "<group>"; };
		37AE611F266DC73600A1EE19 /* AppDelegate+APNs.swift */ = {isa = PBXFileReference; lastKnownFileType = sourcecode.swift; path = "AppDelegate+APNs.swift"; sourceTree = "<group>"; };
		37AE6122266DC98E00A1EE19 /* DictionUtls.swift */ = {isa = PBXFileReference; lastKnownFileType = sourcecode.swift; path = DictionUtls.swift; sourceTree = "<group>"; };
		37AE612C266DDAD500A1EE19 /* GoogleService-Info.plist */ = {isa = PBXFileReference; fileEncoding = 4; lastKnownFileType = text.plist.xml; path = "GoogleService-Info.plist"; sourceTree = "<group>"; };
		49C3ED9E2775CC83D19EE337 /* Pods-App.release.xcconfig */ = {isa = PBXFileReference; includeInIndex = 1; lastKnownFileType = text.xcconfig; name = "Pods-App.release.xcconfig"; path = "Target Support Files/Pods-App/Pods-App.release.xcconfig"; sourceTree = "<group>"; };
/* End PBXFileReference section */

/* Begin PBXFrameworksBuildPhase section */
		04FF001826671ACC003E8D96 /* Frameworks */ = {
			isa = PBXFrameworksBuildPhase;
			buildActionMask = 2147483647;
			files = (
				37A2A2112668BD5B00701C3F /* Logger.framework in Frameworks */,
				8A95E7774FB7DE66FDA7FC66 /* Pods_App.framework in Frameworks */,
				04D8412F26675A62004E3957 /* Core.framework in Frameworks */,
				04D8413226675A69004E3957 /* UIComponent.framework in Frameworks */,
				04D8413526675A78004E3957 /* Networking.framework in Frameworks */,
				04D8412B26675A58004E3957 /* Utility.framework in Frameworks */,
			);
			runOnlyForDeploymentPostprocessing = 0;
		};
		04FF002E26671ACD003E8D96 /* Frameworks */ = {
			isa = PBXFrameworksBuildPhase;
			buildActionMask = 2147483647;
			files = (
			);
			runOnlyForDeploymentPostprocessing = 0;
		};
		04FF003926671ACD003E8D96 /* Frameworks */ = {
			isa = PBXFrameworksBuildPhase;
			buildActionMask = 2147483647;
			files = (
			);
			runOnlyForDeploymentPostprocessing = 0;
		};
/* End PBXFrameworksBuildPhase section */

/* Begin PBXGroup section */
		0482A31126672B2C00428963 /* Presentation */ = {
			isa = PBXGroup;
			children = (
				04D841D726676C44004E3957 /* Home */,
				04D841C326676370004E3957 /* Splash */,
				04D842132667818C004E3957 /* Views */,
			);
			path = Presentation;
			sourceTree = "<group>";
		};
		04D841C226676301004E3957 /* Main */ = {
			isa = PBXGroup;
			children = (
				04FF001E26671ACC003E8D96 /* AppDelegate.swift */,
				37AE611F266DC73600A1EE19 /* AppDelegate+APNs.swift */,
				04D841C0266762EC004E3957 /* AppCoordinator.swift */,
				04D842052667773B004E3957 /* DIContainer.swift */,
			);
			path = Main;
			sourceTree = "<group>";
		};
		04D841C326676370004E3957 /* Splash */ = {
			isa = PBXGroup;
			children = (
				04D841CF26676511004E3957 /* ViewModel */,
				04D841CE26676508004E3957 /* ViewController */,
			);
			path = Splash;
			sourceTree = "<group>";
		};
		04D841CE26676508004E3957 /* ViewController */ = {
			isa = PBXGroup;
			children = (
				04D841C4266763A0004E3957 /* SplashViewController.swift */,
				04D841C5266763A1004E3957 /* SplashViewController.xib */,
			);
			path = ViewController;
			sourceTree = "<group>";
		};
		04D841CF26676511004E3957 /* ViewModel */ = {
			isa = PBXGroup;
			children = (
				04D841D02667652F004E3957 /* SplashViewModel.swift */,
			);
			path = ViewModel;
			sourceTree = "<group>";
		};
		04D841D726676C44004E3957 /* Home */ = {
			isa = PBXGroup;
			children = (
				04D842122667813E004E3957 /* View */,
				04D841DE26676D7F004E3957 /* ViewModel */,
				04D841DD26676D72004E3957 /* ViewController */,
				04D841D826676CED004E3957 /* HomeCoordinator.swift */,
			);
			path = Home;
			sourceTree = "<group>";
		};
		04D841DD26676D72004E3957 /* ViewController */ = {
			isa = PBXGroup;
			children = (
				04D841DF26676D94004E3957 /* HomeViewController.swift */,
				04D841E326676DB0004E3957 /* HomeViewController.xib */,
				04D8421726679862004E3957 /* HomeDetailViewController.swift */,
				04D8421926679874004E3957 /* HomeDetailViewController.xib */,
			);
			path = ViewController;
			sourceTree = "<group>";
		};
		04D841DE26676D7F004E3957 /* ViewModel */ = {
			isa = PBXGroup;
			children = (
				04D841E126676D9E004E3957 /* HomeViewModel.swift */,
				04D8421B266799A1004E3957 /* HomeDetailViewModel.swift */,
			);
			path = ViewModel;
			sourceTree = "<group>";
		};
		04D8420E26677D56004E3957 /* Domain */ = {
			isa = PBXGroup;
			children = (
				3763D2252669FC1000901CE5 /* Model */,
				04D841E5266771F7004E3957 /* IHomeRepo.swift */,
			);
			path = Domain;
			sourceTree = "<group>";
		};
		04D8420F26677D6F004E3957 /* Repositories */ = {
			isa = PBXGroup;
			children = (
				3763D21A2669FAB900901CE5 /* API */,
				04D8421026677DA2004E3957 /* Remote */,
				3763D231266A04D400901CE5 /* Database */,
				04D8421126677DAE004E3957 /* Local */,
			);
			path = Repositories;
			sourceTree = "<group>";
		};
		04D8421026677DA2004E3957 /* Remote */ = {
			isa = PBXGroup;
			children = (
				04D841E726677234004E3957 /* RemoteHomeRepo.swift */,
			);
			path = Remote;
			sourceTree = "<group>";
		};
		04D8421126677DAE004E3957 /* Local */ = {
			isa = PBXGroup;
			children = (
				04D8420C26677BEB004E3957 /* LocalHomeRepository.swift */,
			);
			path = Local;
			sourceTree = "<group>";
		};
		04D842122667813E004E3957 /* View */ = {
			isa = PBXGroup;
			children = (
			);
			path = View;
			sourceTree = "<group>";
		};
		04D842132667818C004E3957 /* Views */ = {
			isa = PBXGroup;
			children = (
			);
			path = Views;
			sourceTree = "<group>";
		};
		04FF001226671ACC003E8D96 = {
			isa = PBXGroup;
			children = (
				04FF001D26671ACC003E8D96 /* App */,
				04FF003426671ACD003E8D96 /* AppTests */,
				04FF003F26671ACE003E8D96 /* AppUITests */,
				04FF001C26671ACC003E8D96 /* Products */,
				E9945B665D0EBE2EF4D00C60 /* Frameworks */,
				194825422D68D1F75ED4B51F /* Pods */,
			);
			sourceTree = "<group>";
		};
		04FF001C26671ACC003E8D96 /* Products */ = {
			isa = PBXGroup;
			children = (
				04FF001B26671ACC003E8D96 /* App.app */,
				04FF003126671ACD003E8D96 /* AppTests.xctest */,
				04FF003C26671ACD003E8D96 /* AppUITests.xctest */,
			);
			name = Products;
			sourceTree = "<group>";
		};
		04FF001D26671ACC003E8D96 /* App */ = {
			isa = PBXGroup;
			children = (
				37AE611E266DC4EA00A1EE19 /* App.entitlements */,
				37AE612C266DDAD500A1EE19 /* GoogleService-Info.plist */,
				04D841C226676301004E3957 /* Main */,
				04D8420E26677D56004E3957 /* Domain */,
				04D8420F26677D6F004E3957 /* Repositories */,
				0482A31126672B2C00428963 /* Presentation */,
				37AE6121266DC97800A1EE19 /* Utilities */,
				04FF002726671ACD003E8D96 /* Assets.xcassets */,
				04FF002926671ACD003E8D96 /* LaunchScreen.storyboard */,
				04FF002C26671ACD003E8D96 /* Info.plist */,
			);
			path = App;
			sourceTree = "<group>";
		};
		04FF003426671ACD003E8D96 /* AppTests */ = {
			isa = PBXGroup;
			children = (
				04FF003526671ACD003E8D96 /* AppTests.swift */,
				04FF003726671ACD003E8D96 /* Info.plist */,
			);
			path = AppTests;
			sourceTree = "<group>";
		};
		04FF003F26671ACE003E8D96 /* AppUITests */ = {
			isa = PBXGroup;
			children = (
				04FF004026671ACE003E8D96 /* AppUITests.swift */,
				04FF004226671ACE003E8D96 /* Info.plist */,
			);
			path = AppUITests;
			sourceTree = "<group>";
		};
		194825422D68D1F75ED4B51F /* Pods */ = {
			isa = PBXGroup;
			children = (
				1B117982577FFA3B525E47FB /* Pods-App.debug.xcconfig */,
				49C3ED9E2775CC83D19EE337 /* Pods-App.release.xcconfig */,
			);
			name = Pods;
			path = ../Pods;
			sourceTree = "<group>";
		};
		3763D21A2669FAB900901CE5 /* API */ = {
			isa = PBXGroup;
			children = (
				3763D22E266A03EE00901CE5 /* ApiService */,
				3763D2202669FB9100901CE5 /* Converter */,
				3763D21D2669FAD000901CE5 /* Model */,
				3763D21E2669FB0200901CE5 /* APIConfig.swift */,
				3763D2142669E76C00901CE5 /* AppAPIService.swift */,
				3763D2282669FCED00901CE5 /* AppAPIEndpoint.swift */,
				3763D22A266A001200901CE5 /* AppBaseRepo.swift */,
				3763D22C266A009300901CE5 /* AppApiServiceFactory.swift */,
			);
			path = API;
			sourceTree = "<group>";
		};
		3763D21D2669FAD000901CE5 /* Model */ = {
			isa = PBXGroup;
			children = (
				3763D2232669FBD500901CE5 /* HomeData.swift */,
			);
			path = Model;
			sourceTree = "<group>";
		};
		3763D2202669FB9100901CE5 /* Converter */ = {
			isa = PBXGroup;
			children = (
				3763D2212669FBB300901CE5 /* HomeDataToHome.swift */,
			);
			path = Converter;
			sourceTree = "<group>";
		};
		3763D2252669FC1000901CE5 /* Model */ = {
			isa = PBXGroup;
			children = (
				3763D2262669FC1A00901CE5 /* Home.swift */,
			);
			path = Model;
			sourceTree = "<group>";
		};
		3763D22E266A03EE00901CE5 /* ApiService */ = {
			isa = PBXGroup;
			children = (
				3763D22F266A03FA00901CE5 /* HomeApiService.swift */,
			);
			path = ApiService;
			sourceTree = "<group>";
		};
		3763D231266A04D400901CE5 /* Database */ = {
			isa = PBXGroup;
			children = (
				3763D232266A04E000901CE5 /* App.xcdatamodeld */,
			);
			path = Database;
			sourceTree = "<group>";
		};
		37A2A1FE2668BD1400701C3F /* Logger */ = {
			isa = PBXGroup;
			children = (
				37A2A1FF2668BD1400701C3F /* LoggerTests */,
				37A2A2022668BD1400701C3F /* Logger */,
				37A2A2082668BD1400701C3F /* Logger.xcodeproj */,
			);
			name = Logger;
			path = ../Logger;
			sourceTree = "<group>";
		};
		37A2A1FF2668BD1400701C3F /* LoggerTests */ = {
			isa = PBXGroup;
			children = (
				37A2A2002668BD1400701C3F /* LoggerTests.swift */,
				37A2A2012668BD1400701C3F /* Info.plist */,
			);
			path = LoggerTests;
			sourceTree = "<group>";
		};
		37A2A2022668BD1400701C3F /* Logger */ = {
			isa = PBXGroup;
			children = (
				37A2A2032668BD1400701C3F /* Log.swift */,
				37A2A2042668BD1400701C3F /* FileHandlerOutputStream.swift */,
				37A2A2052668BD1400701C3F /* LogManager.swift */,
				37A2A2062668BD1400701C3F /* Logger.h */,
				37A2A2072668BD1400701C3F /* Info.plist */,
			);
			path = Logger;
			sourceTree = "<group>";
		};
		37A2A2092668BD1400701C3F /* Products */ = {
			isa = PBXGroup;
			children = (
				37A2A20E2668BD1400701C3F /* Logger.framework */,
				37A2A2102668BD1400701C3F /* LoggerTests.xctest */,
			);
			name = Products;
			sourceTree = "<group>";
		};
		37AE6121266DC97800A1EE19 /* Utilities */ = {
			isa = PBXGroup;
			children = (
				37AE6122266DC98E00A1EE19 /* DictionUtls.swift */,
			);
			path = Utilities;
			sourceTree = "<group>";
		};
		E9945B665D0EBE2EF4D00C60 /* Frameworks */ = {
			isa = PBXGroup;
			children = (
				37A2A1FE2668BD1400701C3F /* Logger */,
				04D8413426675A78004E3957 /* Networking.framework */,
				04D8413126675A69004E3957 /* UIComponent.framework */,
				04D8412E26675A62004E3957 /* Core.framework */,
				04D8412A26675A58004E3957 /* Utility.framework */,
				0A1AFEE413045245BF29C9C8 /* Pods_App.framework */,
			);
			name = Frameworks;
			sourceTree = "<group>";
		};
/* End PBXGroup section */

/* Begin PBXNativeTarget section */
		04FF001A26671ACC003E8D96 /* App */ = {
			isa = PBXNativeTarget;
			buildConfigurationList = 04FF004526671ACE003E8D96 /* Build configuration list for PBXNativeTarget "App" */;
			buildPhases = (
				EA54C3B2279429DCFC3A67A8 /* [CP] Check Pods Manifest.lock */,
				04FF001726671ACC003E8D96 /* Sources */,
				04FF001826671ACC003E8D96 /* Frameworks */,
				04FF001926671ACC003E8D96 /* Resources */,
				4AC6642164397A77F75D6B92 /* [CP] Embed Pods Frameworks */,
				04D8412D26675A58004E3957 /* Embed Frameworks */,
			);
			buildRules = (
			);
			dependencies = (
			);
			name = App;
			productName = App;
			productReference = 04FF001B26671ACC003E8D96 /* App.app */;
			productType = "com.apple.product-type.application";
		};
		04FF003026671ACD003E8D96 /* AppTests */ = {
			isa = PBXNativeTarget;
			buildConfigurationList = 04FF004826671ACE003E8D96 /* Build configuration list for PBXNativeTarget "AppTests" */;
			buildPhases = (
				04FF002D26671ACD003E8D96 /* Sources */,
				04FF002E26671ACD003E8D96 /* Frameworks */,
				04FF002F26671ACD003E8D96 /* Resources */,
			);
			buildRules = (
			);
			dependencies = (
				04FF003326671ACD003E8D96 /* PBXTargetDependency */,
			);
			name = AppTests;
			productName = AppTests;
			productReference = 04FF003126671ACD003E8D96 /* AppTests.xctest */;
			productType = "com.apple.product-type.bundle.unit-test";
		};
		04FF003B26671ACD003E8D96 /* AppUITests */ = {
			isa = PBXNativeTarget;
			buildConfigurationList = 04FF004B26671ACE003E8D96 /* Build configuration list for PBXNativeTarget "AppUITests" */;
			buildPhases = (
				04FF003826671ACD003E8D96 /* Sources */,
				04FF003926671ACD003E8D96 /* Frameworks */,
				04FF003A26671ACD003E8D96 /* Resources */,
			);
			buildRules = (
			);
			dependencies = (
				04FF003E26671ACD003E8D96 /* PBXTargetDependency */,
			);
			name = AppUITests;
			productName = AppUITests;
			productReference = 04FF003C26671ACD003E8D96 /* AppUITests.xctest */;
			productType = "com.apple.product-type.bundle.ui-testing";
		};
/* End PBXNativeTarget section */

/* Begin PBXProject section */
		04FF001326671ACC003E8D96 /* Project object */ = {
			isa = PBXProject;
			attributes = {
				LastSwiftUpdateCheck = 1250;
				LastUpgradeCheck = 1250;
				TargetAttributes = {
					04FF001A26671ACC003E8D96 = {
						CreatedOnToolsVersion = 12.5;
					};
					04FF003026671ACD003E8D96 = {
						CreatedOnToolsVersion = 12.5;
						TestTargetID = 04FF001A26671ACC003E8D96;
					};
					04FF003B26671ACD003E8D96 = {
						CreatedOnToolsVersion = 12.5;
						TestTargetID = 04FF001A26671ACC003E8D96;
					};
				};
			};
			buildConfigurationList = 04FF001626671ACC003E8D96 /* Build configuration list for PBXProject "App" */;
			compatibilityVersion = "Xcode 9.3";
			developmentRegion = en;
			hasScannedForEncodings = 0;
			knownRegions = (
				en,
				Base,
			);
			mainGroup = 04FF001226671ACC003E8D96;
			productRefGroup = 04FF001C26671ACC003E8D96 /* Products */;
			projectDirPath = "";
			projectReferences = (
				{
					ProductGroup = 37A2A2092668BD1400701C3F /* Products */;
					ProjectRef = 37A2A2082668BD1400701C3F /* Logger.xcodeproj */;
				},
			);
			projectRoot = "";
			targets = (
				04FF001A26671ACC003E8D96 /* App */,
				04FF003026671ACD003E8D96 /* AppTests */,
				04FF003B26671ACD003E8D96 /* AppUITests */,
			);
		};
/* End PBXProject section */

/* Begin PBXReferenceProxy section */
		37A2A20E2668BD1400701C3F /* Logger.framework */ = {
			isa = PBXReferenceProxy;
			fileType = wrapper.framework;
			path = Logger.framework;
			remoteRef = 37A2A20D2668BD1400701C3F /* PBXContainerItemProxy */;
			sourceTree = BUILT_PRODUCTS_DIR;
		};
		37A2A2102668BD1400701C3F /* LoggerTests.xctest */ = {
			isa = PBXReferenceProxy;
			fileType = wrapper.cfbundle;
			path = LoggerTests.xctest;
			remoteRef = 37A2A20F2668BD1400701C3F /* PBXContainerItemProxy */;
			sourceTree = BUILT_PRODUCTS_DIR;
		};
/* End PBXReferenceProxy section */

/* Begin PBXResourcesBuildPhase section */
		04FF001926671ACC003E8D96 /* Resources */ = {
			isa = PBXResourcesBuildPhase;
			buildActionMask = 2147483647;
			files = (
				04FF002B26671ACD003E8D96 /* LaunchScreen.storyboard in Resources */,
				04D841C7266763A1004E3957 /* SplashViewController.xib in Resources */,
				04D8421A26679874004E3957 /* HomeDetailViewController.xib in Resources */,
				04FF002826671ACD003E8D96 /* Assets.xcassets in Resources */,
				04D841E426676DB0004E3957 /* HomeViewController.xib in Resources */,
				37AE612F266DDAD500A1EE19 /* GoogleService-Info.plist in Resources */,
			);
			runOnlyForDeploymentPostprocessing = 0;
		};
		04FF002F26671ACD003E8D96 /* Resources */ = {
			isa = PBXResourcesBuildPhase;
			buildActionMask = 2147483647;
			files = (
			);
			runOnlyForDeploymentPostprocessing = 0;
		};
		04FF003A26671ACD003E8D96 /* Resources */ = {
			isa = PBXResourcesBuildPhase;
			buildActionMask = 2147483647;
			files = (
			);
			runOnlyForDeploymentPostprocessing = 0;
		};
/* End PBXResourcesBuildPhase section */

/* Begin PBXShellScriptBuildPhase section */
		4AC6642164397A77F75D6B92 /* [CP] Embed Pods Frameworks */ = {
			isa = PBXShellScriptBuildPhase;
			buildActionMask = 2147483647;
			files = (
			);
			inputFileListPaths = (
				"${PODS_ROOT}/Target Support Files/Pods-App/Pods-App-frameworks-${CONFIGURATION}-input-files.xcfilelist",
			);
			name = "[CP] Embed Pods Frameworks";
			outputFileListPaths = (
				"${PODS_ROOT}/Target Support Files/Pods-App/Pods-App-frameworks-${CONFIGURATION}-output-files.xcfilelist",
			);
			runOnlyForDeploymentPostprocessing = 0;
			shellPath = /bin/sh;
			shellScript = "\"${PODS_ROOT}/Target Support Files/Pods-App/Pods-App-frameworks.sh\"\n";
			showEnvVarsInLog = 0;
		};
		EA54C3B2279429DCFC3A67A8 /* [CP] Check Pods Manifest.lock */ = {
			isa = PBXShellScriptBuildPhase;
			buildActionMask = 2147483647;
			files = (
			);
			inputFileListPaths = (
			);
			inputPaths = (
				"${PODS_PODFILE_DIR_PATH}/Podfile.lock",
				"${PODS_ROOT}/Manifest.lock",
			);
			name = "[CP] Check Pods Manifest.lock";
			outputFileListPaths = (
			);
			outputPaths = (
				"$(DERIVED_FILE_DIR)/Pods-App-checkManifestLockResult.txt",
			);
			runOnlyForDeploymentPostprocessing = 0;
			shellPath = /bin/sh;
			shellScript = "diff \"${PODS_PODFILE_DIR_PATH}/Podfile.lock\" \"${PODS_ROOT}/Manifest.lock\" > /dev/null\nif [ $? != 0 ] ; then\n    # print error to STDERR\n    echo \"error: The sandbox is not in sync with the Podfile.lock. Run 'pod install' or update your CocoaPods installation.\" >&2\n    exit 1\nfi\n# This output is used by Xcode 'outputs' to avoid re-running this script phase.\necho \"SUCCESS\" > \"${SCRIPT_OUTPUT_FILE_0}\"\n";
			showEnvVarsInLog = 0;
		};
/* End PBXShellScriptBuildPhase section */

/* Begin PBXSourcesBuildPhase section */
		04FF001726671ACC003E8D96 /* Sources */ = {
			isa = PBXSourcesBuildPhase;
			buildActionMask = 2147483647;
			files = (
				04D841E6266771F7004E3957 /* IHomeRepo.swift in Sources */,
				3763D234266A04E000901CE5 /* App.xcdatamodeld in Sources */,
				04D841C6266763A1004E3957 /* SplashViewController.swift in Sources */,
				04D8421C266799A1004E3957 /* HomeDetailViewModel.swift in Sources */,
				04D841C1266762EC004E3957 /* AppCoordinator.swift in Sources */,
				04D841E226676D9E004E3957 /* HomeViewModel.swift in Sources */,
				04D841D926676CED004E3957 /* HomeCoordinator.swift in Sources */,
				04D842062667773B004E3957 /* DIContainer.swift in Sources */,
				04D8420D26677BEB004E3957 /* LocalHomeRepository.swift in Sources */,
				3763D22B266A001200901CE5 /* AppBaseRepo.swift in Sources */,
				3763D2242669FBD500901CE5 /* HomeData.swift in Sources */,
				04FF001F26671ACC003E8D96 /* AppDelegate.swift in Sources */,
				3763D22D266A009300901CE5 /* AppApiServiceFactory.swift in Sources */,
				3763D2272669FC1A00901CE5 /* Home.swift in Sources */,
				3763D2292669FCED00901CE5 /* AppAPIEndpoint.swift in Sources */,
				04D841D12667652F004E3957 /* SplashViewModel.swift in Sources */,
				37AE6123266DC98E00A1EE19 /* DictionUtls.swift in Sources */,
				3763D2222669FBB300901CE5 /* HomeDataToHome.swift in Sources */,
				04D8421826679862004E3957 /* HomeDetailViewController.swift in Sources */,
				37AE6120266DC73600A1EE19 /* AppDelegate+APNs.swift in Sources */,
				3763D21F2669FB0200901CE5 /* APIConfig.swift in Sources */,
				3763D230266A03FA00901CE5 /* HomeApiService.swift in Sources */,
				3763D2152669E76C00901CE5 /* AppAPIService.swift in Sources */,
				04D841E026676D94004E3957 /* HomeViewController.swift in Sources */,
				04D841E826677234004E3957 /* RemoteHomeRepo.swift in Sources */,
			);
			runOnlyForDeploymentPostprocessing = 0;
		};
		04FF002D26671ACD003E8D96 /* Sources */ = {
			isa = PBXSourcesBuildPhase;
			buildActionMask = 2147483647;
			files = (
				04FF003626671ACD003E8D96 /* AppTests.swift in Sources */,
			);
			runOnlyForDeploymentPostprocessing = 0;
		};
		04FF003826671ACD003E8D96 /* Sources */ = {
			isa = PBXSourcesBuildPhase;
			buildActionMask = 2147483647;
			files = (
				04FF004126671ACE003E8D96 /* AppUITests.swift in Sources */,
			);
			runOnlyForDeploymentPostprocessing = 0;
		};
/* End PBXSourcesBuildPhase section */

/* Begin PBXTargetDependency section */
		04FF003326671ACD003E8D96 /* PBXTargetDependency */ = {
			isa = PBXTargetDependency;
			target = 04FF001A26671ACC003E8D96 /* App */;
			targetProxy = 04FF003226671ACD003E8D96 /* PBXContainerItemProxy */;
		};
		04FF003E26671ACD003E8D96 /* PBXTargetDependency */ = {
			isa = PBXTargetDependency;
			target = 04FF001A26671ACC003E8D96 /* App */;
			targetProxy = 04FF003D26671ACD003E8D96 /* PBXContainerItemProxy */;
		};
/* End PBXTargetDependency section */

/* Begin PBXVariantGroup section */
		04FF002926671ACD003E8D96 /* LaunchScreen.storyboard */ = {
			isa = PBXVariantGroup;
			children = (
				04FF002A26671ACD003E8D96 /* Base */,
			);
			name = LaunchScreen.storyboard;
			sourceTree = "<group>";
		};
/* End PBXVariantGroup section */

/* Begin XCBuildConfiguration section */
		04FF004326671ACE003E8D96 /* Debug */ = {
			isa = XCBuildConfiguration;
			buildSettings = {
				ALWAYS_SEARCH_USER_PATHS = NO;
				CLANG_ANALYZER_NONNULL = YES;
				CLANG_ANALYZER_NUMBER_OBJECT_CONVERSION = YES_AGGRESSIVE;
				CLANG_CXX_LANGUAGE_STANDARD = "gnu++14";
				CLANG_CXX_LIBRARY = "libc++";
				CLANG_ENABLE_MODULES = YES;
				CLANG_ENABLE_OBJC_ARC = YES;
				CLANG_ENABLE_OBJC_WEAK = YES;
				CLANG_WARN_BLOCK_CAPTURE_AUTORELEASING = YES;
				CLANG_WARN_BOOL_CONVERSION = YES;
				CLANG_WARN_COMMA = YES;
				CLANG_WARN_CONSTANT_CONVERSION = YES;
				CLANG_WARN_DEPRECATED_OBJC_IMPLEMENTATIONS = YES;
				CLANG_WARN_DIRECT_OBJC_ISA_USAGE = YES_ERROR;
				CLANG_WARN_DOCUMENTATION_COMMENTS = YES;
				CLANG_WARN_EMPTY_BODY = YES;
				CLANG_WARN_ENUM_CONVERSION = YES;
				CLANG_WARN_INFINITE_RECURSION = YES;
				CLANG_WARN_INT_CONVERSION = YES;
				CLANG_WARN_NON_LITERAL_NULL_CONVERSION = YES;
				CLANG_WARN_OBJC_IMPLICIT_RETAIN_SELF = YES;
				CLANG_WARN_OBJC_LITERAL_CONVERSION = YES;
				CLANG_WARN_OBJC_ROOT_CLASS = YES_ERROR;
				CLANG_WARN_QUOTED_INCLUDE_IN_FRAMEWORK_HEADER = YES;
				CLANG_WARN_RANGE_LOOP_ANALYSIS = YES;
				CLANG_WARN_STRICT_PROTOTYPES = YES;
				CLANG_WARN_SUSPICIOUS_MOVE = YES;
				CLANG_WARN_UNGUARDED_AVAILABILITY = YES_AGGRESSIVE;
				CLANG_WARN_UNREACHABLE_CODE = YES;
				CLANG_WARN__DUPLICATE_METHOD_MATCH = YES;
				COPY_PHASE_STRIP = NO;
				DEBUG_INFORMATION_FORMAT = dwarf;
				ENABLE_STRICT_OBJC_MSGSEND = YES;
				ENABLE_TESTABILITY = YES;
				GCC_C_LANGUAGE_STANDARD = gnu11;
				GCC_DYNAMIC_NO_PIC = NO;
				GCC_NO_COMMON_BLOCKS = YES;
				GCC_OPTIMIZATION_LEVEL = 0;
				GCC_PREPROCESSOR_DEFINITIONS = (
					"DEBUG=1",
					"$(inherited)",
				);
				GCC_WARN_64_TO_32_BIT_CONVERSION = YES;
				GCC_WARN_ABOUT_RETURN_TYPE = YES_ERROR;
				GCC_WARN_UNDECLARED_SELECTOR = YES;
				GCC_WARN_UNINITIALIZED_AUTOS = YES_AGGRESSIVE;
				GCC_WARN_UNUSED_FUNCTION = YES;
				GCC_WARN_UNUSED_VARIABLE = YES;
				IPHONEOS_DEPLOYMENT_TARGET = 14.3;
				MTL_ENABLE_DEBUG_INFO = INCLUDE_SOURCE;
				MTL_FAST_MATH = YES;
				ONLY_ACTIVE_ARCH = YES;
				SDKROOT = iphoneos;
				SWIFT_ACTIVE_COMPILATION_CONDITIONS = DEBUG;
				SWIFT_OPTIMIZATION_LEVEL = "-Onone";
			};
			name = Debug;
		};
		04FF004426671ACE003E8D96 /* Release */ = {
			isa = XCBuildConfiguration;
			buildSettings = {
				ALWAYS_SEARCH_USER_PATHS = NO;
				CLANG_ANALYZER_NONNULL = YES;
				CLANG_ANALYZER_NUMBER_OBJECT_CONVERSION = YES_AGGRESSIVE;
				CLANG_CXX_LANGUAGE_STANDARD = "gnu++14";
				CLANG_CXX_LIBRARY = "libc++";
				CLANG_ENABLE_MODULES = YES;
				CLANG_ENABLE_OBJC_ARC = YES;
				CLANG_ENABLE_OBJC_WEAK = YES;
				CLANG_WARN_BLOCK_CAPTURE_AUTORELEASING = YES;
				CLANG_WARN_BOOL_CONVERSION = YES;
				CLANG_WARN_COMMA = YES;
				CLANG_WARN_CONSTANT_CONVERSION = YES;
				CLANG_WARN_DEPRECATED_OBJC_IMPLEMENTATIONS = YES;
				CLANG_WARN_DIRECT_OBJC_ISA_USAGE = YES_ERROR;
				CLANG_WARN_DOCUMENTATION_COMMENTS = YES;
				CLANG_WARN_EMPTY_BODY = YES;
				CLANG_WARN_ENUM_CONVERSION = YES;
				CLANG_WARN_INFINITE_RECURSION = YES;
				CLANG_WARN_INT_CONVERSION = YES;
				CLANG_WARN_NON_LITERAL_NULL_CONVERSION = YES;
				CLANG_WARN_OBJC_IMPLICIT_RETAIN_SELF = YES;
				CLANG_WARN_OBJC_LITERAL_CONVERSION = YES;
				CLANG_WARN_OBJC_ROOT_CLASS = YES_ERROR;
				CLANG_WARN_QUOTED_INCLUDE_IN_FRAMEWORK_HEADER = YES;
				CLANG_WARN_RANGE_LOOP_ANALYSIS = YES;
				CLANG_WARN_STRICT_PROTOTYPES = YES;
				CLANG_WARN_SUSPICIOUS_MOVE = YES;
				CLANG_WARN_UNGUARDED_AVAILABILITY = YES_AGGRESSIVE;
				CLANG_WARN_UNREACHABLE_CODE = YES;
				CLANG_WARN__DUPLICATE_METHOD_MATCH = YES;
				COPY_PHASE_STRIP = NO;
				DEBUG_INFORMATION_FORMAT = "dwarf-with-dsym";
				ENABLE_NS_ASSERTIONS = NO;
				ENABLE_STRICT_OBJC_MSGSEND = YES;
				GCC_C_LANGUAGE_STANDARD = gnu11;
				GCC_NO_COMMON_BLOCKS = YES;
				GCC_WARN_64_TO_32_BIT_CONVERSION = YES;
				GCC_WARN_ABOUT_RETURN_TYPE = YES_ERROR;
				GCC_WARN_UNDECLARED_SELECTOR = YES;
				GCC_WARN_UNINITIALIZED_AUTOS = YES_AGGRESSIVE;
				GCC_WARN_UNUSED_FUNCTION = YES;
				GCC_WARN_UNUSED_VARIABLE = YES;
				IPHONEOS_DEPLOYMENT_TARGET = 14.3;
				MTL_ENABLE_DEBUG_INFO = NO;
				MTL_FAST_MATH = YES;
				SDKROOT = iphoneos;
				SWIFT_COMPILATION_MODE = wholemodule;
				SWIFT_OPTIMIZATION_LEVEL = "-O";
				VALIDATE_PRODUCT = YES;
			};
			name = Release;
		};
		04FF004626671ACE003E8D96 /* Debug */ = {
			isa = XCBuildConfiguration;
			baseConfigurationReference = 1B117982577FFA3B525E47FB /* Pods-App.debug.xcconfig */;
			buildSettings = {
				ASSETCATALOG_COMPILER_APPICON_NAME = AppIcon;
				ASSETCATALOG_COMPILER_GLOBAL_ACCENT_COLOR_NAME = AccentColor;
				CODE_SIGN_ENTITLEMENTS = App/App.entitlements;
				CODE_SIGN_IDENTITY = "iPhone Developer";
				CODE_SIGN_STYLE = Manual;
				DEVELOPMENT_TEAM = TS5LABMG92;
				INFOPLIST_FILE = App/Info.plist;
				LD_RUNPATH_SEARCH_PATHS = (
					"$(inherited)",
					"@executable_path/Frameworks",
				);
				PRODUCT_BUNDLE_IDENTIFIER = ai.ftech.NotifyDemo;
				PRODUCT_NAME = "$(TARGET_NAME)";
				PROVISIONING_PROFILE_SPECIFIER = FTechNotifyDemo;
				SWIFT_VERSION = 5.0;
				TARGETED_DEVICE_FAMILY = "1,2";
			};
			name = Debug;
		};
		04FF004726671ACE003E8D96 /* Release */ = {
			isa = XCBuildConfiguration;
			baseConfigurationReference = 49C3ED9E2775CC83D19EE337 /* Pods-App.release.xcconfig */;
			buildSettings = {
				ASSETCATALOG_COMPILER_APPICON_NAME = AppIcon;
				ASSETCATALOG_COMPILER_GLOBAL_ACCENT_COLOR_NAME = AccentColor;
				CODE_SIGN_ENTITLEMENTS = App/App.entitlements;
				CODE_SIGN_IDENTITY = "iPhone Developer";
				CODE_SIGN_STYLE = Manual;
				DEVELOPMENT_TEAM = TS5LABMG92;
				INFOPLIST_FILE = App/Info.plist;
				LD_RUNPATH_SEARCH_PATHS = (
					"$(inherited)",
					"@executable_path/Frameworks",
				);
				PRODUCT_BUNDLE_IDENTIFIER = ai.ftech.NotifyDemo;
				PRODUCT_NAME = "$(TARGET_NAME)";
				PROVISIONING_PROFILE_SPECIFIER = FTechNotifyDemo;
				SWIFT_VERSION = 5.0;
				TARGETED_DEVICE_FAMILY = "1,2";
			};
			name = Release;
		};
		04FF004926671ACE003E8D96 /* Debug */ = {
			isa = XCBuildConfiguration;
			buildSettings = {
				ALWAYS_EMBED_SWIFT_STANDARD_LIBRARIES = YES;
				BUNDLE_LOADER = "$(TEST_HOST)";
				CODE_SIGN_STYLE = Automatic;
				INFOPLIST_FILE = AppTests/Info.plist;
				IPHONEOS_DEPLOYMENT_TARGET = 14.5;
				LD_RUNPATH_SEARCH_PATHS = (
					"$(inherited)",
					"@executable_path/Frameworks",
					"@loader_path/Frameworks",
				);
				PRODUCT_BUNDLE_IDENTIFIER = ftech.ai.AppTests;
				PRODUCT_NAME = "$(TARGET_NAME)";
				SWIFT_VERSION = 5.0;
				TARGETED_DEVICE_FAMILY = "1,2";
				TEST_HOST = "$(BUILT_PRODUCTS_DIR)/App.app/App";
			};
			name = Debug;
		};
		04FF004A26671ACE003E8D96 /* Release */ = {
			isa = XCBuildConfiguration;
			buildSettings = {
				ALWAYS_EMBED_SWIFT_STANDARD_LIBRARIES = YES;
				BUNDLE_LOADER = "$(TEST_HOST)";
				CODE_SIGN_STYLE = Automatic;
				INFOPLIST_FILE = AppTests/Info.plist;
				IPHONEOS_DEPLOYMENT_TARGET = 14.5;
				LD_RUNPATH_SEARCH_PATHS = (
					"$(inherited)",
					"@executable_path/Frameworks",
					"@loader_path/Frameworks",
				);
				PRODUCT_BUNDLE_IDENTIFIER = ftech.ai.AppTests;
				PRODUCT_NAME = "$(TARGET_NAME)";
				SWIFT_VERSION = 5.0;
				TARGETED_DEVICE_FAMILY = "1,2";
				TEST_HOST = "$(BUILT_PRODUCTS_DIR)/App.app/App";
			};
			name = Release;
		};
		04FF004C26671ACE003E8D96 /* Debug */ = {
			isa = XCBuildConfiguration;
			buildSettings = {
				ALWAYS_EMBED_SWIFT_STANDARD_LIBRARIES = YES;
				CODE_SIGN_STYLE = Automatic;
				INFOPLIST_FILE = AppUITests/Info.plist;
				LD_RUNPATH_SEARCH_PATHS = (
					"$(inherited)",
					"@executable_path/Frameworks",
					"@loader_path/Frameworks",
				);
				PRODUCT_BUNDLE_IDENTIFIER = ftech.ai.AppUITests;
				PRODUCT_NAME = "$(TARGET_NAME)";
				SWIFT_VERSION = 5.0;
				TARGETED_DEVICE_FAMILY = "1,2";
				TEST_TARGET_NAME = App;
			};
			name = Debug;
		};
		04FF004D26671ACE003E8D96 /* Release */ = {
			isa = XCBuildConfiguration;
			buildSettings = {
				ALWAYS_EMBED_SWIFT_STANDARD_LIBRARIES = YES;
				CODE_SIGN_STYLE = Automatic;
				INFOPLIST_FILE = AppUITests/Info.plist;
				LD_RUNPATH_SEARCH_PATHS = (
					"$(inherited)",
					"@executable_path/Frameworks",
					"@loader_path/Frameworks",
				);
				PRODUCT_BUNDLE_IDENTIFIER = ftech.ai.AppUITests;
				PRODUCT_NAME = "$(TARGET_NAME)";
				SWIFT_VERSION = 5.0;
				TARGETED_DEVICE_FAMILY = "1,2";
				TEST_TARGET_NAME = App;
			};
			name = Release;
		};
/* End XCBuildConfiguration section */

/* Begin XCConfigurationList section */
		04FF001626671ACC003E8D96 /* Build configuration list for PBXProject "App" */ = {
			isa = XCConfigurationList;
			buildConfigurations = (
				04FF004326671ACE003E8D96 /* Debug */,
				04FF004426671ACE003E8D96 /* Release */,
			);
			defaultConfigurationIsVisible = 0;
			defaultConfigurationName = Release;
		};
		04FF004526671ACE003E8D96 /* Build configuration list for PBXNativeTarget "App" */ = {
			isa = XCConfigurationList;
			buildConfigurations = (
				04FF004626671ACE003E8D96 /* Debug */,
				04FF004726671ACE003E8D96 /* Release */,
			);
			defaultConfigurationIsVisible = 0;
			defaultConfigurationName = Release;
		};
		04FF004826671ACE003E8D96 /* Build configuration list for PBXNativeTarget "AppTests" */ = {
			isa = XCConfigurationList;
			buildConfigurations = (
				04FF004926671ACE003E8D96 /* Debug */,
				04FF004A26671ACE003E8D96 /* Release */,
			);
			defaultConfigurationIsVisible = 0;
			defaultConfigurationName = Release;
		};
		04FF004B26671ACE003E8D96 /* Build configuration list for PBXNativeTarget "AppUITests" */ = {
			isa = XCConfigurationList;
			buildConfigurations = (
				04FF004C26671ACE003E8D96 /* Debug */,
				04FF004D26671ACE003E8D96 /* Release */,
			);
			defaultConfigurationIsVisible = 0;
			defaultConfigurationName = Release;
		};
/* End XCConfigurationList section */

/* Begin XCVersionGroup section */
		3763D232266A04E000901CE5 /* App.xcdatamodeld */ = {
			isa = XCVersionGroup;
			children = (
				3763D233266A04E000901CE5 /* App.xcdatamodel */,
			);
			currentVersion = 3763D233266A04E000901CE5 /* App.xcdatamodel */;
			path = App.xcdatamodeld;
			sourceTree = "<group>";
			versionGroupType = wrapper.xcdatamodel;
		};
/* End XCVersionGroup section */
	};
	rootObject = 04FF001326671ACC003E8D96 /* Project object */;
}
